
Microsoft Visual Studio Solution File, Format Version 12.00
# Visual Studio Version 16
VisualStudioVersion = 16.0.28803.452
MinimumVisualStudioVersion = 10.0.40219.1
Project("{9A19103F-16F7-4668-BE54-9A1E7A4F7556}") = "MyIhsan.API", "Reservation.API\MyIhsan.API.csproj", "{AE874B17-808B-4128-A552-165FF74AA287}"
EndProject
Project("{9A19103F-16F7-4668-BE54-9A1E7A4F7556}") = "Basic.Infrastructure", "Reservation.Infrastructure\Basic.Infrastructure.csproj", "{D9780426-97E5-45C3-B51F-291516CD5B73}"
EndProject
Project("{9A19103F-16F7-4668-BE54-9A1E7A4F7556}") = "MyIhsan.Identity.Data", "Reservation.Identity.Data\MyIhsan.Identity.Data.csproj", "{CC16F8EF-9C7E-4790-ACF2-936F585B4052}"
EndProject
Project("{9A19103F-16F7-4668-BE54-9A1E7A4F7556}") = "MyIhsan.Identity.Entities", "Reservation.Identity.Entities\MyIhsan.Identity.Entities.csproj", "{59F20D74-09E0-417C-A2DF-64456B5A5C4E}"
EndProject
Project("{9A19103F-16F7-4668-BE54-9A1E7A4F7556}") = "MyIhsan.Common", "Reservation.Common\MyIhsan.Common.csproj", "{73B70991-FAD3-4539-965C-A7EBBADDC107}"
EndProject
Project("{9A19103F-16F7-4668-BE54-9A1E7A4F7556}") = "MyIhsan.Identity.Service", "Reservation.Identity.Service\MyIhsan.Identity.Service.csproj", "{3A376FA8-8FF4-411F-A682-0EC538CF431A}"
EndProject
Project("{9A19103F-16F7-4668-BE54-9A1E7A4F7556}") = "MyIhsan.Entities", "Reservation.Entities\MyIhsan.Entities.csproj", "{F70B5873-BBE3-4AB4-91F3-0FF5E8D6C788}"
EndProject
Global
	GlobalSection(SolutionConfigurationPlatforms) = preSolution
		Debug|Any CPU = Debug|Any CPU
		Release|Any CPU = Release|Any CPU
	EndGlobalSection
	GlobalSection(ProjectConfigurationPlatforms) = postSolution
		{AE874B17-808B-4128-A552-165FF74AA287}.Debug|Any CPU.ActiveCfg = Debug|Any CPU
		{AE874B17-808B-4128-A552-165FF74AA287}.Debug|Any CPU.Build.0 = Debug|Any CPU
		{AE874B17-808B-4128-A552-165FF74AA287}.Release|Any CPU.ActiveCfg = Release|Any CPU
		{AE874B17-808B-4128-A552-165FF74AA287}.Release|Any CPU.Build.0 = Release|Any CPU
		{D9780426-97E5-45C3-B51F-291516CD5B73}.Debug|Any CPU.ActiveCfg = Debug|Any CPU
		{D9780426-97E5-45C3-B51F-291516CD5B73}.Debug|Any CPU.Build.0 = Debug|Any CPU
		{D9780426-97E5-45C3-B51F-291516CD5B73}.Release|Any CPU.ActiveCfg = Release|Any CPU
		{D9780426-97E5-45C3-B51F-291516CD5B73}.Release|Any CPU.Build.0 = Release|Any CPU
		{CC16F8EF-9C7E-4790-ACF2-936F585B4052}.Debug|Any CPU.ActiveCfg = Debug|Any CPU
		{CC16F8EF-9C7E-4790-ACF2-936F585B4052}.Debug|Any CPU.Build.0 = Debug|Any CPU
		{CC16F8EF-9C7E-4790-ACF2-936F585B4052}.Release|Any CPU.ActiveCfg = Release|Any CPU
		{CC16F8EF-9C7E-4790-ACF2-936F585B4052}.Release|Any CPU.Build.0 = Release|Any CPU
		{59F20D74-09E0-417C-A2DF-64456B5A5C4E}.Debug|Any CPU.ActiveCfg = Debug|Any CPU
		{59F20D74-09E0-417C-A2DF-64456B5A5C4E}.Debug|Any CPU.Build.0 = Debug|Any CPU
		{59F20D74-09E0-417C-A2DF-64456B5A5C4E}.Release|Any CPU.ActiveCfg = Release|Any CPU
		{59F20D74-09E0-417C-A2DF-64456B5A5C4E}.Release|Any CPU.Build.0 = Release|Any CPU
		{73B70991-FAD3-4539-965C-A7EBBADDC107}.Debug|Any CPU.ActiveCfg = Debug|Any CPU
		{73B70991-FAD3-4539-965C-A7EBBADDC107}.Debug|Any CPU.Build.0 = Debug|Any CPU
		{73B70991-FAD3-4539-965C-A7EBBADDC107}.Release|Any CPU.ActiveCfg = Release|Any CPU
		{73B70991-FAD3-4539-965C-A7EBBADDC107}.Release|Any CPU.Build.0 = Release|Any CPU
		{3A376FA8-8FF4-411F-A682-0EC538CF431A}.Debug|Any CPU.ActiveCfg = Debug|Any CPU
		{3A376FA8-8FF4-411F-A682-0EC538CF431A}.Debug|Any CPU.Build.0 = Debug|Any CPU
		{3A376FA8-8FF4-411F-A682-0EC538CF431A}.Release|Any CPU.ActiveCfg = Release|Any CPU
		{3A376FA8-8FF4-411F-A682-0EC538CF431A}.Release|Any CPU.Build.0 = Release|Any CPU
		{F70B5873-BBE3-4AB4-91F3-0FF5E8D6C788}.Debug|Any CPU.ActiveCfg = Debug|Any CPU
		{F70B5873-BBE3-4AB4-91F3-0FF5E8D6C788}.Debug|Any CPU.Build.0 = Debug|Any CPU
		{F70B5873-BBE3-4AB4-91F3-0FF5E8D6C788}.Release|Any CPU.ActiveCfg = Release|Any CPU
		{F70B5873-BBE3-4AB4-91F3-0FF5E8D6C788}.Release|Any CPU.Build.0 = Release|Any CPU
	EndGlobalSection
	GlobalSection(SolutionProperties) = preSolution
		HideSolutionNode = FALSE
	EndGlobalSection
	GlobalSection(ExtensibilityGlobals) = postSolution
		SolutionGuid = {3A578E3E-A83F-4A55-95E1-8CA7C52471BC}
	EndGlobalSection
EndGlobal
