
Microsoft Visual Studio Solution File, Format Version 12.00
# Visual Studio Version 16
VisualStudioVersion = 16.0.28803.452
MinimumVisualStudioVersion = 10.0.40219.1
Project("{9A19103F-16F7-4668-BE54-9A1E7A4F7556}") = "Basic.Infrastructure", "Basic.Infrastructure\Basic.Infrastructure.csproj", "{6DDA92EF-6FC2-45C0-A0FF-98B0770D62D0}"
EndProject
Project("{9A19103F-16F7-4668-BE54-9A1E7A4F7556}") = "MyIhsan.API", "MyIhsan.API\MyIhsan.API.csproj", "{35F72BF5-F494-4675-8CE1-A6F105F72A28}"
EndProject
Project("{9A19103F-16F7-4668-BE54-9A1E7A4F7556}") = "MyIhsan.Common", "MyIhsan.Common\MyIhsan.Common.csproj", "{9C028A57-0AD9-415B-909B-B4ECE6B1AF76}"
EndProject
Project("{9A19103F-16F7-4668-BE54-9A1E7A4F7556}") = "MyIhsan.Data", "MyIhsan.Identity.Data\MyIhsan.Data.csproj", "{E23B690C-1871-47E2-B4C3-BAFC449BF271}"
EndProject
Project("{9A19103F-16F7-4668-BE54-9A1E7A4F7556}") = "MyIhsan.Entities", "MyIhsan.Identity.Entities\MyIhsan.Entities.csproj", "{2FB86FA0-2442-4887-AFAB-708A83D61FC7}"
EndProject
Project("{9A19103F-16F7-4668-BE54-9A1E7A4F7556}") = "MyIhsan.Service", "MyIhsan.Identity.Service\MyIhsan.Service.csproj", "{3867093E-7EBB-4B91-B9FA-18DAD063E95F}"
EndProject
Project("{2150E333-8FDC-42A3-9474-1A3956D46DE8}") = "BackEnd", "BackEnd", "{06AC7A2C-FB8C-4CFE-8A9D-350A422F10B6}"
EndProject
Project("{2150E333-8FDC-42A3-9474-1A3956D46DE8}") = "FrontEnd", "FrontEnd", "{C065BA03-5D16-4092-B85C-E41839E0A8CD}"
EndProject
Project("{FAE04EC0-301F-11D3-BF4B-00C04F79EFBC}") = "MyIhsan.LanguageResources", "MyIhsan.LanguageResources\MyIhsan.LanguageResources.csproj", "{75E09629-FB18-48E9-ABD1-8632B3E544A0}"
EndProject
Project("{FAE04EC0-301F-11D3-BF4B-00C04F79EFBC}") = "MyIhsan.Repositories", "MyIhsan.Repositories\MyIhsan.Repositories.csproj", "{D561BF7E-D67C-4815-A1DF-266E3E35680D}"
EndProject
Project("{FAE04EC0-301F-11D3-BF4B-00C04F79EFBC}") = "MyIhsan.Web", "MyIhsan.Web\MyIhsan.Web.csproj", "{CCDABD7E-8269-4DC5-989C-05B191C4E475}"
EndProject
Global
	GlobalSection(SolutionConfigurationPlatforms) = preSolution
		Debug|Any CPU = Debug|Any CPU
		Release|Any CPU = Release|Any CPU
	EndGlobalSection
	GlobalSection(ProjectConfigurationPlatforms) = postSolution
		{6DDA92EF-6FC2-45C0-A0FF-98B0770D62D0}.Debug|Any CPU.ActiveCfg = Debug|Any CPU
		{6DDA92EF-6FC2-45C0-A0FF-98B0770D62D0}.Debug|Any CPU.Build.0 = Debug|Any CPU
		{6DDA92EF-6FC2-45C0-A0FF-98B0770D62D0}.Release|Any CPU.ActiveCfg = Release|Any CPU
		{6DDA92EF-6FC2-45C0-A0FF-98B0770D62D0}.Release|Any CPU.Build.0 = Release|Any CPU
		{35F72BF5-F494-4675-8CE1-A6F105F72A28}.Debug|Any CPU.ActiveCfg = Debug|Any CPU
		{35F72BF5-F494-4675-8CE1-A6F105F72A28}.Debug|Any CPU.Build.0 = Debug|Any CPU
		{35F72BF5-F494-4675-8CE1-A6F105F72A28}.Release|Any CPU.ActiveCfg = Release|Any CPU
		{35F72BF5-F494-4675-8CE1-A6F105F72A28}.Release|Any CPU.Build.0 = Release|Any CPU
		{9C028A57-0AD9-415B-909B-B4ECE6B1AF76}.Debug|Any CPU.ActiveCfg = Debug|Any CPU
		{9C028A57-0AD9-415B-909B-B4ECE6B1AF76}.Debug|Any CPU.Build.0 = Debug|Any CPU
		{9C028A57-0AD9-415B-909B-B4ECE6B1AF76}.Release|Any CPU.ActiveCfg = Release|Any CPU
		{9C028A57-0AD9-415B-909B-B4ECE6B1AF76}.Release|Any CPU.Build.0 = Release|Any CPU
		{E23B690C-1871-47E2-B4C3-BAFC449BF271}.Debug|Any CPU.ActiveCfg = Debug|Any CPU
		{E23B690C-1871-47E2-B4C3-BAFC449BF271}.Debug|Any CPU.Build.0 = Debug|Any CPU
		{E23B690C-1871-47E2-B4C3-BAFC449BF271}.Release|Any CPU.ActiveCfg = Release|Any CPU
		{E23B690C-1871-47E2-B4C3-BAFC449BF271}.Release|Any CPU.Build.0 = Release|Any CPU
		{2FB86FA0-2442-4887-AFAB-708A83D61FC7}.Debug|Any CPU.ActiveCfg = Debug|Any CPU
		{2FB86FA0-2442-4887-AFAB-708A83D61FC7}.Debug|Any CPU.Build.0 = Debug|Any CPU
		{2FB86FA0-2442-4887-AFAB-708A83D61FC7}.Release|Any CPU.ActiveCfg = Release|Any CPU
		{2FB86FA0-2442-4887-AFAB-708A83D61FC7}.Release|Any CPU.Build.0 = Release|Any CPU
		{3867093E-7EBB-4B91-B9FA-18DAD063E95F}.Debug|Any CPU.ActiveCfg = Debug|Any CPU
		{3867093E-7EBB-4B91-B9FA-18DAD063E95F}.Debug|Any CPU.Build.0 = Debug|Any CPU
		{3867093E-7EBB-4B91-B9FA-18DAD063E95F}.Release|Any CPU.ActiveCfg = Release|Any CPU
		{3867093E-7EBB-4B91-B9FA-18DAD063E95F}.Release|Any CPU.Build.0 = Release|Any CPU
		{75E09629-FB18-48E9-ABD1-8632B3E544A0}.Debug|Any CPU.ActiveCfg = Debug|Any CPU
		{75E09629-FB18-48E9-ABD1-8632B3E544A0}.Debug|Any CPU.Build.0 = Debug|Any CPU
		{75E09629-FB18-48E9-ABD1-8632B3E544A0}.Release|Any CPU.ActiveCfg = Release|Any CPU
		{75E09629-FB18-48E9-ABD1-8632B3E544A0}.Release|Any CPU.Build.0 = Release|Any CPU
		{D561BF7E-D67C-4815-A1DF-266E3E35680D}.Debug|Any CPU.ActiveCfg = Debug|Any CPU
		{D561BF7E-D67C-4815-A1DF-266E3E35680D}.Debug|Any CPU.Build.0 = Debug|Any CPU
		{D561BF7E-D67C-4815-A1DF-266E3E35680D}.Release|Any CPU.ActiveCfg = Release|Any CPU
		{D561BF7E-D67C-4815-A1DF-266E3E35680D}.Release|Any CPU.Build.0 = Release|Any CPU
		{CCDABD7E-8269-4DC5-989C-05B191C4E475}.Debug|Any CPU.ActiveCfg = Debug|Any CPU
		{CCDABD7E-8269-4DC5-989C-05B191C4E475}.Debug|Any CPU.Build.0 = Debug|Any CPU
		{CCDABD7E-8269-4DC5-989C-05B191C4E475}.Release|Any CPU.ActiveCfg = Release|Any CPU
		{CCDABD7E-8269-4DC5-989C-05B191C4E475}.Release|Any CPU.Build.0 = Release|Any CPU
	EndGlobalSection
	GlobalSection(SolutionProperties) = preSolution
		HideSolutionNode = FALSE
	EndGlobalSection
	GlobalSection(NestedProjects) = preSolution
		{6DDA92EF-6FC2-45C0-A0FF-98B0770D62D0} = {06AC7A2C-FB8C-4CFE-8A9D-350A422F10B6}
		{35F72BF5-F494-4675-8CE1-A6F105F72A28} = {06AC7A2C-FB8C-4CFE-8A9D-350A422F10B6}
		{9C028A57-0AD9-415B-909B-B4ECE6B1AF76} = {06AC7A2C-FB8C-4CFE-8A9D-350A422F10B6}
		{E23B690C-1871-47E2-B4C3-BAFC449BF271} = {06AC7A2C-FB8C-4CFE-8A9D-350A422F10B6}
		{2FB86FA0-2442-4887-AFAB-708A83D61FC7} = {06AC7A2C-FB8C-4CFE-8A9D-350A422F10B6}
		{3867093E-7EBB-4B91-B9FA-18DAD063E95F} = {06AC7A2C-FB8C-4CFE-8A9D-350A422F10B6}
		{75E09629-FB18-48E9-ABD1-8632B3E544A0} = {C065BA03-5D16-4092-B85C-E41839E0A8CD}
		{D561BF7E-D67C-4815-A1DF-266E3E35680D} = {C065BA03-5D16-4092-B85C-E41839E0A8CD}
		{CCDABD7E-8269-4DC5-989C-05B191C4E475} = {C065BA03-5D16-4092-B85C-E41839E0A8CD}
	EndGlobalSection
	GlobalSection(ExtensibilityGlobals) = postSolution
		SolutionGuid = {3A578E3E-A83F-4A55-95E1-8CA7C52471BC}
	EndGlobalSection
EndGlobal
