
Microsoft Visual Studio Solution File, Format Version 12.00
# Visual Studio Version 16
VisualStudioVersion = 16.0.28803.452
MinimumVisualStudioVersion = 10.0.40219.1
Project("{9A19103F-16F7-4668-BE54-9A1E7A4F7556}") = "Reservation.API", "Reservation.API\Reservation.API.csproj", "{AE874B17-808B-4128-A552-165FF74AA287}"
EndProject
Project("{9A19103F-16F7-4668-BE54-9A1E7A4F7556}") = "Reservation.Infrastructure", "Reservation.Infrastructure\Reservation.Infrastructure.csproj", "{D9780426-97E5-45C3-B51F-291516CD5B73}"
EndProject
Project("{9A19103F-16F7-4668-BE54-9A1E7A4F7556}") = "Reservation.Identity.Data", "Reservation.Identity.Data\Reservation.Identity.Data.csproj", "{CC16F8EF-9C7E-4790-ACF2-936F585B4052}"
EndProject
Project("{FAE04EC0-301F-11D3-BF4B-00C04F79EFBC}") = "Reservation.Identity.Entities", "Reservation.Identity.Entities\Reservation.Identity.Entities.csproj", "{59F20D74-09E0-417C-A2DF-64456B5A5C4E}"
EndProject
Global
	GlobalSection(SolutionConfigurationPlatforms) = preSolution
		Debug|Any CPU = Debug|Any CPU
		Release|Any CPU = Release|Any CPU
	EndGlobalSection
	GlobalSection(ProjectConfigurationPlatforms) = postSolution
		{AE874B17-808B-4128-A552-165FF74AA287}.Debug|Any CPU.ActiveCfg = Debug|Any CPU
		{AE874B17-808B-4128-A552-165FF74AA287}.Debug|Any CPU.Build.0 = Debug|Any CPU
		{AE874B17-808B-4128-A552-165FF74AA287}.Release|Any CPU.ActiveCfg = Release|Any CPU
		{AE874B17-808B-4128-A552-165FF74AA287}.Release|Any CPU.Build.0 = Release|Any CPU
		{D9780426-97E5-45C3-B51F-291516CD5B73}.Debug|Any CPU.ActiveCfg = Debug|Any CPU
		{D9780426-97E5-45C3-B51F-291516CD5B73}.Debug|Any CPU.Build.0 = Debug|Any CPU
		{D9780426-97E5-45C3-B51F-291516CD5B73}.Release|Any CPU.ActiveCfg = Release|Any CPU
		{D9780426-97E5-45C3-B51F-291516CD5B73}.Release|Any CPU.Build.0 = Release|Any CPU
		{CC16F8EF-9C7E-4790-ACF2-936F585B4052}.Debug|Any CPU.ActiveCfg = Debug|Any CPU
		{CC16F8EF-9C7E-4790-ACF2-936F585B4052}.Debug|Any CPU.Build.0 = Debug|Any CPU
		{CC16F8EF-9C7E-4790-ACF2-936F585B4052}.Release|Any CPU.ActiveCfg = Release|Any CPU
		{CC16F8EF-9C7E-4790-ACF2-936F585B4052}.Release|Any CPU.Build.0 = Release|Any CPU
		{59F20D74-09E0-417C-A2DF-64456B5A5C4E}.Debug|Any CPU.ActiveCfg = Debug|Any CPU
		{59F20D74-09E0-417C-A2DF-64456B5A5C4E}.Debug|Any CPU.Build.0 = Debug|Any CPU
		{59F20D74-09E0-417C-A2DF-64456B5A5C4E}.Release|Any CPU.ActiveCfg = Release|Any CPU
		{59F20D74-09E0-417C-A2DF-64456B5A5C4E}.Release|Any CPU.Build.0 = Release|Any CPU
	EndGlobalSection
	GlobalSection(SolutionProperties) = preSolution
		HideSolutionNode = FALSE
	EndGlobalSection
	GlobalSection(ExtensibilityGlobals) = postSolution
		SolutionGuid = {3A578E3E-A83F-4A55-95E1-8CA7C52471BC}
	EndGlobalSection
EndGlobal
